// !$*UTF8*$!
{
	archiveVersion = 1;
	classes = {
	};
	objectVersion = 56;
	objects = {

/* Begin PBXBuildFile section */
		D936446F29B6796B00F7CD41 /* AppDelegate.swift in Sources */ = {isa = PBXBuildFile; fileRef = D936446E29B6796B00F7CD41 /* AppDelegate.swift */; };
		D936447129B6796B00F7CD41 /* SceneDelegate.swift in Sources */ = {isa = PBXBuildFile; fileRef = D936447029B6796B00F7CD41 /* SceneDelegate.swift */; };
		D936447329B6796B00F7CD41 /* QrScannerViewController.swift in Sources */ = {isa = PBXBuildFile; fileRef = D936447229B6796B00F7CD41 /* QrScannerViewController.swift */; };
		D936447829B6796D00F7CD41 /* Assets.xcassets in Resources */ = {isa = PBXBuildFile; fileRef = D936447729B6796D00F7CD41 /* Assets.xcassets */; };
		D936447B29B6796D00F7CD41 /* LaunchScreen.storyboard in Resources */ = {isa = PBXBuildFile; fileRef = D936447929B6796D00F7CD41 /* LaunchScreen.storyboard */; };
		D955366D29B8DBBC00E0BC25 /* WebViewController.swift in Sources */ = {isa = PBXBuildFile; fileRef = D955366C29B8DBBC00E0BC25 /* WebViewController.swift */; };
		D955367029BB4D1100E0BC25 /* NetworkManager.swift in Sources */ = {isa = PBXBuildFile; fileRef = D955366F29BB4D1100E0BC25 /* NetworkManager.swift */; };
		D955367229BB68FD00E0BC25 /* AlertManager.swift in Sources */ = {isa = PBXBuildFile; fileRef = D955367129BB68FD00E0BC25 /* AlertManager.swift */; };
		D955367629BBB88D00E0BC25 /* QrScannerPresenter.swift in Sources */ = {isa = PBXBuildFile; fileRef = D955367529BBB88D00E0BC25 /* QrScannerPresenter.swift */; };
		D955367929BBBCAF00E0BC25 /* Router.swift in Sources */ = {isa = PBXBuildFile; fileRef = D955367829BBBCAF00E0BC25 /* Router.swift */; };
		D955367C29BBBD8900E0BC25 /* ModuleBuilder.swift in Sources */ = {isa = PBXBuildFile; fileRef = D955367B29BBBD8900E0BC25 /* ModuleBuilder.swift */; };
		D955367E29BC959500E0BC25 /* WebViewPresenter.swift in Sources */ = {isa = PBXBuildFile; fileRef = D955367D29BC959500E0BC25 /* WebViewPresenter.swift */; };
/* End PBXBuildFile section */

/* Begin PBXFileReference section */
		D936446B29B6796B00F7CD41 /* QR Scanner.app */ = {isa = PBXFileReference; explicitFileType = wrapper.application; includeInIndex = 0; path = "QR Scanner.app"; sourceTree = BUILT_PRODUCTS_DIR; };
		D936446E29B6796B00F7CD41 /* AppDelegate.swift */ = {isa = PBXFileReference; lastKnownFileType = sourcecode.swift; path = AppDelegate.swift; sourceTree = "<group>"; };
		D936447029B6796B00F7CD41 /* SceneDelegate.swift */ = {isa = PBXFileReference; lastKnownFileType = sourcecode.swift; path = SceneDelegate.swift; sourceTree = "<group>"; };
		D936447229B6796B00F7CD41 /* QrScannerViewController.swift */ = {isa = PBXFileReference; lastKnownFileType = sourcecode.swift; path = QrScannerViewController.swift; sourceTree = "<group>"; };
		D936447729B6796D00F7CD41 /* Assets.xcassets */ = {isa = PBXFileReference; lastKnownFileType = folder.assetcatalog; path = Assets.xcassets; sourceTree = "<group>"; };
		D936447A29B6796D00F7CD41 /* Base */ = {isa = PBXFileReference; lastKnownFileType = file.storyboard; name = Base; path = Base.lproj/LaunchScreen.storyboard; sourceTree = "<group>"; };
		D936447C29B6796D00F7CD41 /* Info.plist */ = {isa = PBXFileReference; lastKnownFileType = text.plist.xml; path = Info.plist; sourceTree = "<group>"; };
		D955366C29B8DBBC00E0BC25 /* WebViewController.swift */ = {isa = PBXFileReference; lastKnownFileType = sourcecode.swift; path = WebViewController.swift; sourceTree = "<group>"; };
		D955366F29BB4D1100E0BC25 /* NetworkManager.swift */ = {isa = PBXFileReference; lastKnownFileType = sourcecode.swift; path = NetworkManager.swift; sourceTree = "<group>"; };
		D955367129BB68FD00E0BC25 /* AlertManager.swift */ = {isa = PBXFileReference; lastKnownFileType = sourcecode.swift; path = AlertManager.swift; sourceTree = "<group>"; };
		D955367529BBB88D00E0BC25 /* QrScannerPresenter.swift */ = {isa = PBXFileReference; lastKnownFileType = sourcecode.swift; path = QrScannerPresenter.swift; sourceTree = "<group>"; };
		D955367829BBBCAF00E0BC25 /* Router.swift */ = {isa = PBXFileReference; lastKnownFileType = sourcecode.swift; path = Router.swift; sourceTree = "<group>"; };
		D955367B29BBBD8900E0BC25 /* ModuleBuilder.swift */ = {isa = PBXFileReference; lastKnownFileType = sourcecode.swift; path = ModuleBuilder.swift; sourceTree = "<group>"; };
		D955367D29BC959500E0BC25 /* WebViewPresenter.swift */ = {isa = PBXFileReference; lastKnownFileType = sourcecode.swift; path = WebViewPresenter.swift; sourceTree = "<group>"; };
/* End PBXFileReference section */

/* Begin PBXFrameworksBuildPhase section */
		D936446829B6796B00F7CD41 /* Frameworks */ = {
			isa = PBXFrameworksBuildPhase;
			buildActionMask = 2147483647;
			files = (
			);
			runOnlyForDeploymentPostprocessing = 0;
		};
/* End PBXFrameworksBuildPhase section */

/* Begin PBXGroup section */
		D936446229B6796B00F7CD41 = {
			isa = PBXGroup;
			children = (
				D936446D29B6796B00F7CD41 /* QR Scanner */,
				D936446C29B6796B00F7CD41 /* Products */,
			);
			sourceTree = "<group>";
		};
		D936446C29B6796B00F7CD41 /* Products */ = {
			isa = PBXGroup;
			children = (
				D936446B29B6796B00F7CD41 /* QR Scanner.app */,
			);
			name = Products;
			sourceTree = "<group>";
		};
		D936446D29B6796B00F7CD41 /* QR Scanner */ = {
			isa = PBXGroup;
			children = (
				D936448429B6871800F7CD41 /* Sources */,
				D936448229B6864B00F7CD41 /* Resources */,
			);
			path = "QR Scanner";
			sourceTree = "<group>";
		};
		D936448229B6864B00F7CD41 /* Resources */ = {
			isa = PBXGroup;
			children = (
				D936448329B6869C00F7CD41 /* Settings */,
				D936447729B6796D00F7CD41 /* Assets.xcassets */,
				D936447929B6796D00F7CD41 /* LaunchScreen.storyboard */,
			);
			path = Resources;
			sourceTree = "<group>";
		};
		D936448329B6869C00F7CD41 /* Settings */ = {
			isa = PBXGroup;
			children = (
				D936447C29B6796D00F7CD41 /* Info.plist */,
			);
			path = Settings;
			sourceTree = "<group>";
		};
		D936448429B6871800F7CD41 /* Sources */ = {
			isa = PBXGroup;
			children = (
				D955367729BBBC9F00E0BC25 /* Router */,
				D955367A29BBBD7200E0BC25 /* ModuleBuilder */,
				D955366E29BB4CFB00E0BC25 /* Managers */,
				D936448529B6872100F7CD41 /* App */,
				D955366729B7A4BF00E0BC25 /* Modules */,
			);
			path = Sources;
			sourceTree = "<group>";
		};
		D936448529B6872100F7CD41 /* App */ = {
			isa = PBXGroup;
			children = (
				D936446E29B6796B00F7CD41 /* AppDelegate.swift */,
				D936447029B6796B00F7CD41 /* SceneDelegate.swift */,
			);
			path = App;
			sourceTree = "<group>";
		};
		D955366729B7A4BF00E0BC25 /* Modules */ = {
			isa = PBXGroup;
			children = (
				D955366929B8DB6100E0BC25 /* QrScanner */,
				D955366A29B8DB6E00E0BC25 /* WebView */,
			);
			path = Modules;
			sourceTree = "<group>";
		};
		D955366829B7A4CD00E0BC25 /* View */ = {
			isa = PBXGroup;
			children = (
				D936447229B6796B00F7CD41 /* QrScannerViewController.swift */,
			);
			path = View;
			sourceTree = "<group>";
		};
		D955366929B8DB6100E0BC25 /* QrScanner */ = {
			isa = PBXGroup;
			children = (
				D955366829B7A4CD00E0BC25 /* View */,
				D955367429BBB87200E0BC25 /* Presenter */,
			);
			path = QrScanner;
			sourceTree = "<group>";
		};
		D955366A29B8DB6E00E0BC25 /* WebView */ = {
			isa = PBXGroup;
			children = (
				D955366B29B8DB7900E0BC25 /* View */,
				D955367329BBB85C00E0BC25 /* Presenter */,
			);
			path = WebView;
			sourceTree = "<group>";
		};
		D955366B29B8DB7900E0BC25 /* View */ = {
			isa = PBXGroup;
			children = (
				D955366C29B8DBBC00E0BC25 /* WebViewController.swift */,
			);
			path = View;
			sourceTree = "<group>";
		};
		D955366E29BB4CFB00E0BC25 /* Managers */ = {
			isa = PBXGroup;
			children = (
				D955366F29BB4D1100E0BC25 /* NetworkManager.swift */,
				D955367129BB68FD00E0BC25 /* AlertManager.swift */,
			);
			path = Managers;
			sourceTree = "<group>";
		};
		D955367329BBB85C00E0BC25 /* Presenter */ = {
			isa = PBXGroup;
			children = (
				D955367D29BC959500E0BC25 /* WebViewPresenter.swift */,
			);
			path = Presenter;
			sourceTree = "<group>";
		};
		D955367429BBB87200E0BC25 /* Presenter */ = {
			isa = PBXGroup;
			children = (
				D955367529BBB88D00E0BC25 /* QrScannerPresenter.swift */,
			);
			path = Presenter;
			sourceTree = "<group>";
		};
		D955367729BBBC9F00E0BC25 /* Router */ = {
			isa = PBXGroup;
			children = (
				D955367829BBBCAF00E0BC25 /* Router.swift */,
			);
			path = Router;
			sourceTree = "<group>";
		};
		D955367A29BBBD7200E0BC25 /* ModuleBuilder */ = {
			isa = PBXGroup;
			children = (
				D955367B29BBBD8900E0BC25 /* ModuleBuilder.swift */,
			);
			path = ModuleBuilder;
			sourceTree = "<group>";
		};
/* End PBXGroup section */

/* Begin PBXNativeTarget section */
		D936446A29B6796B00F7CD41 /* QR Scanner */ = {
			isa = PBXNativeTarget;
			buildConfigurationList = D936447F29B6796D00F7CD41 /* Build configuration list for PBXNativeTarget "QR Scanner" */;
			buildPhases = (
				D936446729B6796B00F7CD41 /* Sources */,
				D936446829B6796B00F7CD41 /* Frameworks */,
				D936446929B6796B00F7CD41 /* Resources */,
			);
			buildRules = (
			);
			dependencies = (
			);
			name = "QR Scanner";
			productName = "QR Scanner";
			productReference = D936446B29B6796B00F7CD41 /* QR Scanner.app */;
			productType = "com.apple.product-type.application";
		};
/* End PBXNativeTarget section */

/* Begin PBXProject section */
		D936446329B6796B00F7CD41 /* Project object */ = {
			isa = PBXProject;
			attributes = {
				BuildIndependentTargetsInParallel = 1;
				LastSwiftUpdateCheck = 1420;
				LastUpgradeCheck = 1420;
				TargetAttributes = {
					D936446A29B6796B00F7CD41 = {
						CreatedOnToolsVersion = 14.2;
					};
				};
			};
			buildConfigurationList = D936446629B6796B00F7CD41 /* Build configuration list for PBXProject "QR Scanner" */;
			compatibilityVersion = "Xcode 14.0";
			developmentRegion = en;
			hasScannedForEncodings = 0;
			knownRegions = (
				en,
				Base,
			);
			mainGroup = D936446229B6796B00F7CD41;
			productRefGroup = D936446C29B6796B00F7CD41 /* Products */;
			projectDirPath = "";
			projectRoot = "";
			targets = (
				D936446A29B6796B00F7CD41 /* QR Scanner */,
			);
		};
/* End PBXProject section */

/* Begin PBXResourcesBuildPhase section */
		D936446929B6796B00F7CD41 /* Resources */ = {
			isa = PBXResourcesBuildPhase;
			buildActionMask = 2147483647;
			files = (
				D936447B29B6796D00F7CD41 /* LaunchScreen.storyboard in Resources */,
				D936447829B6796D00F7CD41 /* Assets.xcassets in Resources */,
			);
			runOnlyForDeploymentPostprocessing = 0;
		};
/* End PBXResourcesBuildPhase section */

/* Begin PBXSourcesBuildPhase section */
		D936446729B6796B00F7CD41 /* Sources */ = {
			isa = PBXSourcesBuildPhase;
			buildActionMask = 2147483647;
			files = (
				D955367E29BC959500E0BC25 /* WebViewPresenter.swift in Sources */,
				D955367929BBBCAF00E0BC25 /* Router.swift in Sources */,
				D955367029BB4D1100E0BC25 /* NetworkManager.swift in Sources */,
				D936447329B6796B00F7CD41 /* QrScannerViewController.swift in Sources */,
				D955367229BB68FD00E0BC25 /* AlertManager.swift in Sources */,
				D936446F29B6796B00F7CD41 /* AppDelegate.swift in Sources */,
				D955367C29BBBD8900E0BC25 /* ModuleBuilder.swift in Sources */,
				D936447129B6796B00F7CD41 /* SceneDelegate.swift in Sources */,
				D955366D29B8DBBC00E0BC25 /* WebViewController.swift in Sources */,
				D955367629BBB88D00E0BC25 /* QrScannerPresenter.swift in Sources */,
			);
			runOnlyForDeploymentPostprocessing = 0;
		};
/* End PBXSourcesBuildPhase section */

/* Begin PBXVariantGroup section */
		D936447929B6796D00F7CD41 /* LaunchScreen.storyboard */ = {
			isa = PBXVariantGroup;
			children = (
				D936447A29B6796D00F7CD41 /* Base */,
			);
			name = LaunchScreen.storyboard;
			sourceTree = "<group>";
		};
/* End PBXVariantGroup section */

/* Begin XCBuildConfiguration section */
		D936447D29B6796D00F7CD41 /* Debug */ = {
			isa = XCBuildConfiguration;
			buildSettings = {
				ALWAYS_SEARCH_USER_PATHS = NO;
				CLANG_ANALYZER_NONNULL = YES;
				CLANG_ANALYZER_NUMBER_OBJECT_CONVERSION = YES_AGGRESSIVE;
				CLANG_CXX_LANGUAGE_STANDARD = "gnu++20";
				CLANG_ENABLE_MODULES = YES;
				CLANG_ENABLE_OBJC_ARC = YES;
				CLANG_ENABLE_OBJC_WEAK = YES;
				CLANG_WARN_BLOCK_CAPTURE_AUTORELEASING = YES;
				CLANG_WARN_BOOL_CONVERSION = YES;
				CLANG_WARN_COMMA = YES;
				CLANG_WARN_CONSTANT_CONVERSION = YES;
				CLANG_WARN_DEPRECATED_OBJC_IMPLEMENTATIONS = YES;
				CLANG_WARN_DIRECT_OBJC_ISA_USAGE = YES_ERROR;
				CLANG_WARN_DOCUMENTATION_COMMENTS = YES;
				CLANG_WARN_EMPTY_BODY = YES;
				CLANG_WARN_ENUM_CONVERSION = YES;
				CLANG_WARN_INFINITE_RECURSION = YES;
				CLANG_WARN_INT_CONVERSION = YES;
				CLANG_WARN_NON_LITERAL_NULL_CONVERSION = YES;
				CLANG_WARN_OBJC_IMPLICIT_RETAIN_SELF = YES;
				CLANG_WARN_OBJC_LITERAL_CONVERSION = YES;
				CLANG_WARN_OBJC_ROOT_CLASS = YES_ERROR;
				CLANG_WARN_QUOTED_INCLUDE_IN_FRAMEWORK_HEADER = YES;
				CLANG_WARN_RANGE_LOOP_ANALYSIS = YES;
				CLANG_WARN_STRICT_PROTOTYPES = YES;
				CLANG_WARN_SUSPICIOUS_MOVE = YES;
				CLANG_WARN_UNGUARDED_AVAILABILITY = YES_AGGRESSIVE;
				CLANG_WARN_UNREACHABLE_CODE = YES;
				CLANG_WARN__DUPLICATE_METHOD_MATCH = YES;
				COPY_PHASE_STRIP = NO;
				DEBUG_INFORMATION_FORMAT = dwarf;
				ENABLE_STRICT_OBJC_MSGSEND = YES;
				ENABLE_TESTABILITY = YES;
				GCC_C_LANGUAGE_STANDARD = gnu11;
				GCC_DYNAMIC_NO_PIC = NO;
				GCC_NO_COMMON_BLOCKS = YES;
				GCC_OPTIMIZATION_LEVEL = 0;
				GCC_PREPROCESSOR_DEFINITIONS = (
					"DEBUG=1",
					"$(inherited)",
				);
				GCC_WARN_64_TO_32_BIT_CONVERSION = YES;
				GCC_WARN_ABOUT_RETURN_TYPE = YES_ERROR;
				GCC_WARN_UNDECLARED_SELECTOR = YES;
				GCC_WARN_UNINITIALIZED_AUTOS = YES_AGGRESSIVE;
				GCC_WARN_UNUSED_FUNCTION = YES;
				GCC_WARN_UNUSED_VARIABLE = YES;
				IPHONEOS_DEPLOYMENT_TARGET = 16.2;
				MTL_ENABLE_DEBUG_INFO = INCLUDE_SOURCE;
				MTL_FAST_MATH = YES;
				ONLY_ACTIVE_ARCH = YES;
				SDKROOT = iphoneos;
				SWIFT_ACTIVE_COMPILATION_CONDITIONS = DEBUG;
				SWIFT_OPTIMIZATION_LEVEL = "-Onone";
			};
			name = Debug;
		};
		D936447E29B6796D00F7CD41 /* Release */ = {
			isa = XCBuildConfiguration;
			buildSettings = {
				ALWAYS_SEARCH_USER_PATHS = NO;
				CLANG_ANALYZER_NONNULL = YES;
				CLANG_ANALYZER_NUMBER_OBJECT_CONVERSION = YES_AGGRESSIVE;
				CLANG_CXX_LANGUAGE_STANDARD = "gnu++20";
				CLANG_ENABLE_MODULES = YES;
				CLANG_ENABLE_OBJC_ARC = YES;
				CLANG_ENABLE_OBJC_WEAK = YES;
				CLANG_WARN_BLOCK_CAPTURE_AUTORELEASING = YES;
				CLANG_WARN_BOOL_CONVERSION = YES;
				CLANG_WARN_COMMA = YES;
				CLANG_WARN_CONSTANT_CONVERSION = YES;
				CLANG_WARN_DEPRECATED_OBJC_IMPLEMENTATIONS = YES;
				CLANG_WARN_DIRECT_OBJC_ISA_USAGE = YES_ERROR;
				CLANG_WARN_DOCUMENTATION_COMMENTS = YES;
				CLANG_WARN_EMPTY_BODY = YES;
				CLANG_WARN_ENUM_CONVERSION = YES;
				CLANG_WARN_INFINITE_RECURSION = YES;
				CLANG_WARN_INT_CONVERSION = YES;
				CLANG_WARN_NON_LITERAL_NULL_CONVERSION = YES;
				CLANG_WARN_OBJC_IMPLICIT_RETAIN_SELF = YES;
				CLANG_WARN_OBJC_LITERAL_CONVERSION = YES;
				CLANG_WARN_OBJC_ROOT_CLASS = YES_ERROR;
				CLANG_WARN_QUOTED_INCLUDE_IN_FRAMEWORK_HEADER = YES;
				CLANG_WARN_RANGE_LOOP_ANALYSIS = YES;
				CLANG_WARN_STRICT_PROTOTYPES = YES;
				CLANG_WARN_SUSPICIOUS_MOVE = YES;
				CLANG_WARN_UNGUARDED_AVAILABILITY = YES_AGGRESSIVE;
				CLANG_WARN_UNREACHABLE_CODE = YES;
				CLANG_WARN__DUPLICATE_METHOD_MATCH = YES;
				COPY_PHASE_STRIP = NO;
				DEBUG_INFORMATION_FORMAT = "dwarf-with-dsym";
				ENABLE_NS_ASSERTIONS = NO;
				ENABLE_STRICT_OBJC_MSGSEND = YES;
				GCC_C_LANGUAGE_STANDARD = gnu11;
				GCC_NO_COMMON_BLOCKS = YES;
				GCC_WARN_64_TO_32_BIT_CONVERSION = YES;
				GCC_WARN_ABOUT_RETURN_TYPE = YES_ERROR;
				GCC_WARN_UNDECLARED_SELECTOR = YES;
				GCC_WARN_UNINITIALIZED_AUTOS = YES_AGGRESSIVE;
				GCC_WARN_UNUSED_FUNCTION = YES;
				GCC_WARN_UNUSED_VARIABLE = YES;
				IPHONEOS_DEPLOYMENT_TARGET = 16.2;
				MTL_ENABLE_DEBUG_INFO = NO;
				MTL_FAST_MATH = YES;
				SDKROOT = iphoneos;
				SWIFT_COMPILATION_MODE = wholemodule;
				SWIFT_OPTIMIZATION_LEVEL = "-O";
				VALIDATE_PRODUCT = YES;
			};
			name = Release;
		};
		D936448029B6796D00F7CD41 /* Debug */ = {
			isa = XCBuildConfiguration;
			buildSettings = {
				ASSETCATALOG_COMPILER_APPICON_NAME = AppIcon;
				ASSETCATALOG_COMPILER_GLOBAL_ACCENT_COLOR_NAME = AccentColor;
				CODE_SIGN_STYLE = Automatic;
				CURRENT_PROJECT_VERSION = 1;
				DEVELOPMENT_TEAM = 76N9URDUCT;
				GENERATE_INFOPLIST_FILE = YES;
				INFOPLIST_FILE = "QR Scanner/Resources/Settings/Info.plist";
				INFOPLIST_KEY_UIApplicationSupportsIndirectInputEvents = YES;
				INFOPLIST_KEY_UILaunchStoryboardName = LaunchScreen;
				INFOPLIST_KEY_UIMainStoryboardFile = "";
				INFOPLIST_KEY_UISupportedInterfaceOrientations_iPad = "UIInterfaceOrientationPortrait UIInterfaceOrientationPortraitUpsideDown UIInterfaceOrientationLandscapeLeft UIInterfaceOrientationLandscapeRight";
				INFOPLIST_KEY_UISupportedInterfaceOrientations_iPhone = "UIInterfaceOrientationPortrait UIInterfaceOrientationLandscapeLeft UIInterfaceOrientationLandscapeRight";
				IPHONEOS_DEPLOYMENT_TARGET = 16.2;
				LD_RUNPATH_SEARCH_PATHS = (
					"$(inherited)",
					"@executable_path/Frameworks",
				);
				MARKETING_VERSION = 1.0;
				PRODUCT_BUNDLE_IDENTIFIER = "ArtemGalay.QR-Scanner";
				PRODUCT_NAME = "$(TARGET_NAME)";
				SWIFT_EMIT_LOC_STRINGS = YES;
				SWIFT_VERSION = 5.0;
				TARGETED_DEVICE_FAMILY = "1,2";
			};
			name = Debug;
		};
		D936448129B6796D00F7CD41 /* Release */ = {
			isa = XCBuildConfiguration;
			buildSettings = {
				ASSETCATALOG_COMPILER_APPICON_NAME = AppIcon;
				ASSETCATALOG_COMPILER_GLOBAL_ACCENT_COLOR_NAME = AccentColor;
				CODE_SIGN_STYLE = Automatic;
				CURRENT_PROJECT_VERSION = 1;
				DEVELOPMENT_TEAM = 76N9URDUCT;
				GENERATE_INFOPLIST_FILE = YES;
				INFOPLIST_FILE = "QR Scanner/Resources/Settings/Info.plist";
				INFOPLIST_KEY_UIApplicationSupportsIndirectInputEvents = YES;
				INFOPLIST_KEY_UILaunchStoryboardName = LaunchScreen;
				INFOPLIST_KEY_UIMainStoryboardFile = "";
				INFOPLIST_KEY_UISupportedInterfaceOrientations_iPad = "UIInterfaceOrientationPortrait UIInterfaceOrientationPortraitUpsideDown UIInterfaceOrientationLandscapeLeft UIInterfaceOrientationLandscapeRight";
				INFOPLIST_KEY_UISupportedInterfaceOrientations_iPhone = "UIInterfaceOrientationPortrait UIInterfaceOrientationLandscapeLeft UIInterfaceOrientationLandscapeRight";
				IPHONEOS_DEPLOYMENT_TARGET = 16.2;
				LD_RUNPATH_SEARCH_PATHS = (
					"$(inherited)",
					"@executable_path/Frameworks",
				);
				MARKETING_VERSION = 1.0;
				PRODUCT_BUNDLE_IDENTIFIER = "ArtemGalay.QR-Scanner";
				PRODUCT_NAME = "$(TARGET_NAME)";
				SWIFT_EMIT_LOC_STRINGS = YES;
				SWIFT_VERSION = 5.0;
				TARGETED_DEVICE_FAMILY = "1,2";
			};
			name = Release;
		};
/* End XCBuildConfiguration section */

/* Begin XCConfigurationList section */
		D936446629B6796B00F7CD41 /* Build configuration list for PBXProject "QR Scanner" */ = {
			isa = XCConfigurationList;
			buildConfigurations = (
				D936447D29B6796D00F7CD41 /* Debug */,
				D936447E29B6796D00F7CD41 /* Release */,
			);
			defaultConfigurationIsVisible = 0;
			defaultConfigurationName = Release;
		};
		D936447F29B6796D00F7CD41 /* Build configuration list for PBXNativeTarget "QR Scanner" */ = {
			isa = XCConfigurationList;
			buildConfigurations = (
				D936448029B6796D00F7CD41 /* Debug */,
				D936448129B6796D00F7CD41 /* Release */,
			);
			defaultConfigurationIsVisible = 0;
			defaultConfigurationName = Release;
		};
/* End XCConfigurationList section */
	};
	rootObject = D936446329B6796B00F7CD41 /* Project object */;
}
